// !$*UTF8*$!
{
	archiveVersion = 1;
	classes = {
	};
	objectVersion = 56;
	objects = {

/* Begin PBXBuildFile section */
		A56A65992AE490AF008847AF /* TodoRealmApp.swift in Sources */ = {isa = PBXBuildFile; fileRef = A56A65982AE490AF008847AF /* TodoRealmApp.swift */; };
		A56A659D2AE490B0008847AF /* Assets.xcassets in Resources */ = {isa = PBXBuildFile; fileRef = A56A659C2AE490B0008847AF /* Assets.xcassets */; };
		A56A65A12AE490B0008847AF /* Preview Assets.xcassets in Resources */ = {isa = PBXBuildFile; fileRef = A56A65A02AE490B0008847AF /* Preview Assets.xcassets */; };
		A56A65A92AE490EB008847AF /* TodoListView.swift in Sources */ = {isa = PBXBuildFile; fileRef = A56A65A82AE490EB008847AF /* TodoListView.swift */; };
		A56A65AB2AE490F6008847AF /* TodoListViewModel.swift in Sources */ = {isa = PBXBuildFile; fileRef = A56A65AA2AE490F6008847AF /* TodoListViewModel.swift */; };
		A56A65AE2AE49202008847AF /* Realm in Frameworks */ = {isa = PBXBuildFile; productRef = A56A65AD2AE49202008847AF /* Realm */; };
		A56A65B02AE49202008847AF /* RealmSwift in Frameworks */ = {isa = PBXBuildFile; productRef = A56A65AF2AE49202008847AF /* RealmSwift */; };
		A56A65B32AE492CD008847AF /* Todo.swift in Sources */ = {isa = PBXBuildFile; fileRef = A56A65B22AE492CD008847AF /* Todo.swift */; };
		A56A65B62AE49458008847AF /* LoginView.swift in Sources */ = {isa = PBXBuildFile; fileRef = A56A65B52AE49458008847AF /* LoginView.swift */; };
		A56A65B82AE4946D008847AF /* LoginViewModel.swift in Sources */ = {isa = PBXBuildFile; fileRef = A56A65B72AE4946D008847AF /* LoginViewModel.swift */; };
		A56A65BA2AE494BB008847AF /* LoginModel.swift in Sources */ = {isa = PBXBuildFile; fileRef = A56A65B92AE494BB008847AF /* LoginModel.swift */; };
		A5D66D8A2AE5A5D10043CCFC /* Config.swift in Sources */ = {isa = PBXBuildFile; fileRef = A5D66D892AE5A5D10043CCFC /* Config.swift */; };
/* End PBXBuildFile section */

/* Begin PBXFileReference section */
		A56A65952AE490AF008847AF /* TodoRealm.app */ = {isa = PBXFileReference; explicitFileType = wrapper.application; includeInIndex = 0; path = TodoRealm.app; sourceTree = BUILT_PRODUCTS_DIR; };
		A56A65982AE490AF008847AF /* TodoRealmApp.swift */ = {isa = PBXFileReference; lastKnownFileType = sourcecode.swift; path = TodoRealmApp.swift; sourceTree = "<group>"; };
		A56A659C2AE490B0008847AF /* Assets.xcassets */ = {isa = PBXFileReference; lastKnownFileType = folder.assetcatalog; path = Assets.xcassets; sourceTree = "<group>"; };
		A56A659E2AE490B0008847AF /* TodoRealm.entitlements */ = {isa = PBXFileReference; lastKnownFileType = text.plist.entitlements; path = TodoRealm.entitlements; sourceTree = "<group>"; };
		A56A65A02AE490B0008847AF /* Preview Assets.xcassets */ = {isa = PBXFileReference; lastKnownFileType = folder.assetcatalog; path = "Preview Assets.xcassets"; sourceTree = "<group>"; };
		A56A65A82AE490EB008847AF /* TodoListView.swift */ = {isa = PBXFileReference; lastKnownFileType = sourcecode.swift; path = TodoListView.swift; sourceTree = "<group>"; };
		A56A65AA2AE490F6008847AF /* TodoListViewModel.swift */ = {isa = PBXFileReference; lastKnownFileType = sourcecode.swift; path = TodoListViewModel.swift; sourceTree = "<group>"; };
		A56A65B22AE492CD008847AF /* Todo.swift */ = {isa = PBXFileReference; lastKnownFileType = sourcecode.swift; path = Todo.swift; sourceTree = "<group>"; };
		A56A65B52AE49458008847AF /* LoginView.swift */ = {isa = PBXFileReference; lastKnownFileType = sourcecode.swift; path = LoginView.swift; sourceTree = "<group>"; };
		A56A65B72AE4946D008847AF /* LoginViewModel.swift */ = {isa = PBXFileReference; lastKnownFileType = sourcecode.swift; path = LoginViewModel.swift; sourceTree = "<group>"; };
		A56A65B92AE494BB008847AF /* LoginModel.swift */ = {isa = PBXFileReference; lastKnownFileType = sourcecode.swift; path = LoginModel.swift; sourceTree = "<group>"; };
		A5D66D872AE5A4380043CCFC /* Config.xcconfig */ = {isa = PBXFileReference; lastKnownFileType = text.xcconfig; path = Config.xcconfig; sourceTree = "<group>"; };
		A5D66D882AE5A58A0043CCFC /* Info.plist */ = {isa = PBXFileReference; lastKnownFileType = text.plist; path = Info.plist; sourceTree = "<group>"; };
		A5D66D892AE5A5D10043CCFC /* Config.swift */ = {isa = PBXFileReference; lastKnownFileType = sourcecode.swift; path = Config.swift; sourceTree = "<group>"; };
/* End PBXFileReference section */

/* Begin PBXFrameworksBuildPhase section */
		A56A65922AE490AF008847AF /* Frameworks */ = {
			isa = PBXFrameworksBuildPhase;
			buildActionMask = 2147483647;
			files = (
				A56A65B02AE49202008847AF /* RealmSwift in Frameworks */,
				A56A65AE2AE49202008847AF /* Realm in Frameworks */,
			);
			runOnlyForDeploymentPostprocessing = 0;
		};
/* End PBXFrameworksBuildPhase section */

/* Begin PBXGroup section */
		A56A658C2AE490AF008847AF = {
			isa = PBXGroup;
			children = (
				A5D66D892AE5A5D10043CCFC /* Config.swift */,
				A56A65972AE490AF008847AF /* TodoRealm */,
				A56A65962AE490AF008847AF /* Products */,
			);
			sourceTree = "<group>";
		};
		A56A65962AE490AF008847AF /* Products */ = {
			isa = PBXGroup;
			children = (
				A56A65952AE490AF008847AF /* TodoRealm.app */,
			);
			name = Products;
			sourceTree = "<group>";
		};
		A56A65972AE490AF008847AF /* TodoRealm */ = {
			isa = PBXGroup;
			children = (
				A5D66D882AE5A58A0043CCFC /* Info.plist */,
				A56A65B12AE492C6008847AF /* Entities */,
				A56A65B42AE4944B008847AF /* Login */,
				A56A65A72AE490E1008847AF /* TodoList */,
				A56A65982AE490AF008847AF /* TodoRealmApp.swift */,
				A56A659C2AE490B0008847AF /* Assets.xcassets */,
				A56A659E2AE490B0008847AF /* TodoRealm.entitlements */,
				A5D66D872AE5A4380043CCFC /* Config.xcconfig */,
				A56A659F2AE490B0008847AF /* Preview Content */,
			);
			path = TodoRealm;
			sourceTree = "<group>";
		};
		A56A659F2AE490B0008847AF /* Preview Content */ = {
			isa = PBXGroup;
			children = (
				A56A65A02AE490B0008847AF /* Preview Assets.xcassets */,
			);
			path = "Preview Content";
			sourceTree = "<group>";
		};
		A56A65A72AE490E1008847AF /* TodoList */ = {
			isa = PBXGroup;
			children = (
				A56A65A82AE490EB008847AF /* TodoListView.swift */,
				A56A65AA2AE490F6008847AF /* TodoListViewModel.swift */,
			);
			path = TodoList;
			sourceTree = "<group>";
		};
		A56A65B12AE492C6008847AF /* Entities */ = {
			isa = PBXGroup;
			children = (
				A56A65B22AE492CD008847AF /* Todo.swift */,
			);
			path = Entities;
			sourceTree = "<group>";
		};
		A56A65B42AE4944B008847AF /* Login */ = {
			isa = PBXGroup;
			children = (
				A56A65B52AE49458008847AF /* LoginView.swift */,
				A56A65B72AE4946D008847AF /* LoginViewModel.swift */,
				A56A65B92AE494BB008847AF /* LoginModel.swift */,
			);
			path = Login;
			sourceTree = "<group>";
		};
/* End PBXGroup section */

/* Begin PBXNativeTarget section */
		A56A65942AE490AF008847AF /* TodoRealm */ = {
			isa = PBXNativeTarget;
			buildConfigurationList = A56A65A42AE490B0008847AF /* Build configuration list for PBXNativeTarget "TodoRealm" */;
			buildPhases = (
				A56A65912AE490AF008847AF /* Sources */,
				A56A65922AE490AF008847AF /* Frameworks */,
				A56A65932AE490AF008847AF /* Resources */,
			);
			buildRules = (
			);
			dependencies = (
			);
			name = TodoRealm;
			packageProductDependencies = (
				A56A65AD2AE49202008847AF /* Realm */,
				A56A65AF2AE49202008847AF /* RealmSwift */,
			);
			productName = TodoRealm;
			productReference = A56A65952AE490AF008847AF /* TodoRealm.app */;
			productType = "com.apple.product-type.application";
		};
/* End PBXNativeTarget section */

/* Begin PBXProject section */
		A56A658D2AE490AF008847AF /* Project object */ = {
			isa = PBXProject;
			attributes = {
				BuildIndependentTargetsInParallel = 1;
				LastSwiftUpdateCheck = 1500;
				LastUpgradeCheck = 1500;
				TargetAttributes = {
					A56A65942AE490AF008847AF = {
						CreatedOnToolsVersion = 15.0;
					};
				};
			};
			buildConfigurationList = A56A65902AE490AF008847AF /* Build configuration list for PBXProject "TodoRealm" */;
			compatibilityVersion = "Xcode 14.0";
			developmentRegion = en;
			hasScannedForEncodings = 0;
			knownRegions = (
				en,
				Base,
			);
			mainGroup = A56A658C2AE490AF008847AF;
			packageReferences = (
				A56A65AC2AE49202008847AF /* XCRemoteSwiftPackageReference "realm-swift" */,
			);
			productRefGroup = A56A65962AE490AF008847AF /* Products */;
			projectDirPath = "";
			projectRoot = "";
			targets = (
				A56A65942AE490AF008847AF /* TodoRealm */,
			);
		};
/* End PBXProject section */

/* Begin PBXResourcesBuildPhase section */
		A56A65932AE490AF008847AF /* Resources */ = {
			isa = PBXResourcesBuildPhase;
			buildActionMask = 2147483647;
			files = (
				A56A65A12AE490B0008847AF /* Preview Assets.xcassets in Resources */,
				A56A659D2AE490B0008847AF /* Assets.xcassets in Resources */,
			);
			runOnlyForDeploymentPostprocessing = 0;
		};
/* End PBXResourcesBuildPhase section */

/* Begin PBXSourcesBuildPhase section */
		A56A65912AE490AF008847AF /* Sources */ = {
			isa = PBXSourcesBuildPhase;
			buildActionMask = 2147483647;
			files = (
				A56A65A92AE490EB008847AF /* TodoListView.swift in Sources */,
				A56A65BA2AE494BB008847AF /* LoginModel.swift in Sources */,
				A56A65AB2AE490F6008847AF /* TodoListViewModel.swift in Sources */,
				A56A65B82AE4946D008847AF /* LoginViewModel.swift in Sources */,
				A56A65992AE490AF008847AF /* TodoRealmApp.swift in Sources */,
				A5D66D8A2AE5A5D10043CCFC /* Config.swift in Sources */,
				A56A65B62AE49458008847AF /* LoginView.swift in Sources */,
				A56A65B32AE492CD008847AF /* Todo.swift in Sources */,
			);
			runOnlyForDeploymentPostprocessing = 0;
		};
/* End PBXSourcesBuildPhase section */

/* Begin XCBuildConfiguration section */
		A56A65A22AE490B0008847AF /* Debug */ = {
			isa = XCBuildConfiguration;
			baseConfigurationReference = A5D66D872AE5A4380043CCFC /* Config.xcconfig */;
			buildSettings = {
				ALWAYS_SEARCH_USER_PATHS = NO;
				ASSETCATALOG_COMPILER_GENERATE_SWIFT_ASSET_SYMBOL_EXTENSIONS = YES;
				CLANG_ANALYZER_NONNULL = YES;
				CLANG_ANALYZER_NUMBER_OBJECT_CONVERSION = YES_AGGRESSIVE;
				CLANG_CXX_LANGUAGE_STANDARD = "gnu++20";
				CLANG_ENABLE_MODULES = YES;
				CLANG_ENABLE_OBJC_ARC = YES;
				CLANG_ENABLE_OBJC_WEAK = YES;
				CLANG_WARN_BLOCK_CAPTURE_AUTORELEASING = YES;
				CLANG_WARN_BOOL_CONVERSION = YES;
				CLANG_WARN_COMMA = YES;
				CLANG_WARN_CONSTANT_CONVERSION = YES;
				CLANG_WARN_DEPRECATED_OBJC_IMPLEMENTATIONS = YES;
				CLANG_WARN_DIRECT_OBJC_ISA_USAGE = YES_ERROR;
				CLANG_WARN_DOCUMENTATION_COMMENTS = YES;
				CLANG_WARN_EMPTY_BODY = YES;
				CLANG_WARN_ENUM_CONVERSION = YES;
				CLANG_WARN_INFINITE_RECURSION = YES;
				CLANG_WARN_INT_CONVERSION = YES;
				CLANG_WARN_NON_LITERAL_NULL_CONVERSION = YES;
				CLANG_WARN_OBJC_IMPLICIT_RETAIN_SELF = YES;
				CLANG_WARN_OBJC_LITERAL_CONVERSION = YES;
				CLANG_WARN_OBJC_ROOT_CLASS = YES_ERROR;
				CLANG_WARN_QUOTED_INCLUDE_IN_FRAMEWORK_HEADER = YES;
				CLANG_WARN_RANGE_LOOP_ANALYSIS = YES;
				CLANG_WARN_STRICT_PROTOTYPES = YES;
				CLANG_WARN_SUSPICIOUS_MOVE = YES;
				CLANG_WARN_UNGUARDED_AVAILABILITY = YES_AGGRESSIVE;
				CLANG_WARN_UNREACHABLE_CODE = YES;
				CLANG_WARN__DUPLICATE_METHOD_MATCH = YES;
				COPY_PHASE_STRIP = NO;
				DEBUG_INFORMATION_FORMAT = dwarf;
				ENABLE_STRICT_OBJC_MSGSEND = YES;
				ENABLE_TESTABILITY = YES;
				ENABLE_USER_SCRIPT_SANDBOXING = YES;
				GCC_C_LANGUAGE_STANDARD = gnu17;
				GCC_DYNAMIC_NO_PIC = NO;
				GCC_NO_COMMON_BLOCKS = YES;
				GCC_OPTIMIZATION_LEVEL = 0;
				GCC_PREPROCESSOR_DEFINITIONS = (
					"DEBUG=1",
					"$(inherited)",
				);
				GCC_WARN_64_TO_32_BIT_CONVERSION = YES;
				GCC_WARN_ABOUT_RETURN_TYPE = YES_ERROR;
				GCC_WARN_UNDECLARED_SELECTOR = YES;
				GCC_WARN_UNINITIALIZED_AUTOS = YES_AGGRESSIVE;
				GCC_WARN_UNUSED_FUNCTION = YES;
				GCC_WARN_UNUSED_VARIABLE = YES;
				LOCALIZATION_PREFERS_STRING_CATALOGS = YES;
				MTL_ENABLE_DEBUG_INFO = INCLUDE_SOURCE;
				MTL_FAST_MATH = YES;
				ONLY_ACTIVE_ARCH = YES;
				SWIFT_ACTIVE_COMPILATION_CONDITIONS = "DEBUG $(inherited)";
				SWIFT_OPTIMIZATION_LEVEL = "-Onone";
			};
			name = Debug;
		};
		A56A65A32AE490B0008847AF /* Release */ = {
			isa = XCBuildConfiguration;
			baseConfigurationReference = A5D66D872AE5A4380043CCFC /* Config.xcconfig */;
			buildSettings = {
				ALWAYS_SEARCH_USER_PATHS = NO;
				ASSETCATALOG_COMPILER_GENERATE_SWIFT_ASSET_SYMBOL_EXTENSIONS = YES;
				CLANG_ANALYZER_NONNULL = YES;
				CLANG_ANALYZER_NUMBER_OBJECT_CONVERSION = YES_AGGRESSIVE;
				CLANG_CXX_LANGUAGE_STANDARD = "gnu++20";
				CLANG_ENABLE_MODULES = YES;
				CLANG_ENABLE_OBJC_ARC = YES;
				CLANG_ENABLE_OBJC_WEAK = YES;
				CLANG_WARN_BLOCK_CAPTURE_AUTORELEASING = YES;
				CLANG_WARN_BOOL_CONVERSION = YES;
				CLANG_WARN_COMMA = YES;
				CLANG_WARN_CONSTANT_CONVERSION = YES;
				CLANG_WARN_DEPRECATED_OBJC_IMPLEMENTATIONS = YES;
				CLANG_WARN_DIRECT_OBJC_ISA_USAGE = YES_ERROR;
				CLANG_WARN_DOCUMENTATION_COMMENTS = YES;
				CLANG_WARN_EMPTY_BODY = YES;
				CLANG_WARN_ENUM_CONVERSION = YES;
				CLANG_WARN_INFINITE_RECURSION = YES;
				CLANG_WARN_INT_CONVERSION = YES;
				CLANG_WARN_NON_LITERAL_NULL_CONVERSION = YES;
				CLANG_WARN_OBJC_IMPLICIT_RETAIN_SELF = YES;
				CLANG_WARN_OBJC_LITERAL_CONVERSION = YES;
				CLANG_WARN_OBJC_ROOT_CLASS = YES_ERROR;
				CLANG_WARN_QUOTED_INCLUDE_IN_FRAMEWORK_HEADER = YES;
				CLANG_WARN_RANGE_LOOP_ANALYSIS = YES;
				CLANG_WARN_STRICT_PROTOTYPES = YES;
				CLANG_WARN_SUSPICIOUS_MOVE = YES;
				CLANG_WARN_UNGUARDED_AVAILABILITY = YES_AGGRESSIVE;
				CLANG_WARN_UNREACHABLE_CODE = YES;
				CLANG_WARN__DUPLICATE_METHOD_MATCH = YES;
				COPY_PHASE_STRIP = NO;
				DEBUG_INFORMATION_FORMAT = "dwarf-with-dsym";
				ENABLE_NS_ASSERTIONS = NO;
				ENABLE_STRICT_OBJC_MSGSEND = YES;
				ENABLE_USER_SCRIPT_SANDBOXING = YES;
				GCC_C_LANGUAGE_STANDARD = gnu17;
				GCC_NO_COMMON_BLOCKS = YES;
				GCC_WARN_64_TO_32_BIT_CONVERSION = YES;
				GCC_WARN_ABOUT_RETURN_TYPE = YES_ERROR;
				GCC_WARN_UNDECLARED_SELECTOR = YES;
				GCC_WARN_UNINITIALIZED_AUTOS = YES_AGGRESSIVE;
				GCC_WARN_UNUSED_FUNCTION = YES;
				GCC_WARN_UNUSED_VARIABLE = YES;
				LOCALIZATION_PREFERS_STRING_CATALOGS = YES;
				MTL_ENABLE_DEBUG_INFO = NO;
				MTL_FAST_MATH = YES;
				SWIFT_COMPILATION_MODE = wholemodule;
			};
			name = Release;
		};
		A56A65A52AE490B0008847AF /* Debug */ = {
			isa = XCBuildConfiguration;
			baseConfigurationReference = A5D66D872AE5A4380043CCFC /* Config.xcconfig */;
			buildSettings = {
				ASSETCATALOG_COMPILER_APPICON_NAME = AppIcon;
				ASSETCATALOG_COMPILER_GLOBAL_ACCENT_COLOR_NAME = AccentColor;
				CODE_SIGN_ENTITLEMENTS = TodoRealm/TodoRealm.entitlements;
				CODE_SIGN_STYLE = Automatic;
				CURRENT_PROJECT_VERSION = 1;
				DEVELOPMENT_ASSET_PATHS = "\"TodoRealm/Preview Content\"";
				DEVELOPMENT_TEAM = KB2R5P3BHU;
				ENABLE_HARDENED_RUNTIME = YES;
				ENABLE_PREVIEWS = YES;
				GENERATE_INFOPLIST_FILE = YES;
				INFOPLIST_FILE = TodoRealm/Info.plist;
				"INFOPLIST_KEY_UIApplicationSceneManifest_Generation[sdk=iphoneos*]" = YES;
				"INFOPLIST_KEY_UIApplicationSceneManifest_Generation[sdk=iphonesimulator*]" = YES;
				"INFOPLIST_KEY_UIApplicationSupportsIndirectInputEvents[sdk=iphoneos*]" = YES;
				"INFOPLIST_KEY_UIApplicationSupportsIndirectInputEvents[sdk=iphonesimulator*]" = YES;
				"INFOPLIST_KEY_UILaunchScreen_Generation[sdk=iphoneos*]" = YES;
				"INFOPLIST_KEY_UILaunchScreen_Generation[sdk=iphonesimulator*]" = YES;
				"INFOPLIST_KEY_UIStatusBarStyle[sdk=iphoneos*]" = UIStatusBarStyleDefault;
				"INFOPLIST_KEY_UIStatusBarStyle[sdk=iphonesimulator*]" = UIStatusBarStyleDefault;
				INFOPLIST_KEY_UISupportedInterfaceOrientations_iPad = "UIInterfaceOrientationPortrait UIInterfaceOrientationPortraitUpsideDown UIInterfaceOrientationLandscapeLeft UIInterfaceOrientationLandscapeRight";
				INFOPLIST_KEY_UISupportedInterfaceOrientations_iPhone = "UIInterfaceOrientationPortrait UIInterfaceOrientationLandscapeLeft UIInterfaceOrientationLandscapeRight";
				IPHONEOS_DEPLOYMENT_TARGET = 17.0;
				LD_RUNPATH_SEARCH_PATHS = "@executable_path/Frameworks";
				"LD_RUNPATH_SEARCH_PATHS[sdk=macosx*]" = "@executable_path/../Frameworks";
				MACOSX_DEPLOYMENT_TARGET = 14.0;
				MARKETING_VERSION = 1.0;
				PRODUCT_BUNDLE_IDENTIFIER = com.alliston.TodoRealm;
				PRODUCT_NAME = "$(TARGET_NAME)";
				SDKROOT = auto;
				SUPPORTED_PLATFORMS = "iphoneos iphonesimulator macosx";
				SWIFT_EMIT_LOC_STRINGS = YES;
				SWIFT_VERSION = 5.0;
				TARGETED_DEVICE_FAMILY = "1,2";
			};
			name = Debug;
		};
		A56A65A62AE490B0008847AF /* Release */ = {
			isa = XCBuildConfiguration;
			baseConfigurationReference = A5D66D872AE5A4380043CCFC /* Config.xcconfig */;
			buildSettings = {
				ASSETCATALOG_COMPILER_APPICON_NAME = AppIcon;
				ASSETCATALOG_COMPILER_GLOBAL_ACCENT_COLOR_NAME = AccentColor;
				CODE_SIGN_ENTITLEMENTS = TodoRealm/TodoRealm.entitlements;
				CODE_SIGN_STYLE = Automatic;
				CURRENT_PROJECT_VERSION = 1;
				DEVELOPMENT_ASSET_PATHS = "\"TodoRealm/Preview Content\"";
				DEVELOPMENT_TEAM = KB2R5P3BHU;
				ENABLE_HARDENED_RUNTIME = YES;
				ENABLE_PREVIEWS = YES;
				GENERATE_INFOPLIST_FILE = YES;
				INFOPLIST_FILE = TodoRealm/Info.plist;
				"INFOPLIST_KEY_UIApplicationSceneManifest_Generation[sdk=iphoneos*]" = YES;
				"INFOPLIST_KEY_UIApplicationSceneManifest_Generation[sdk=iphonesimulator*]" = YES;
				"INFOPLIST_KEY_UIApplicationSupportsIndirectInputEvents[sdk=iphoneos*]" = YES;
				"INFOPLIST_KEY_UIApplicationSupportsIndirectInputEvents[sdk=iphonesimulator*]" = YES;
				"INFOPLIST_KEY_UILaunchScreen_Generation[sdk=iphoneos*]" = YES;
				"INFOPLIST_KEY_UILaunchScreen_Generation[sdk=iphonesimulator*]" = YES;
				"INFOPLIST_KEY_UIStatusBarStyle[sdk=iphoneos*]" = UIStatusBarStyleDefault;
				"INFOPLIST_KEY_UIStatusBarStyle[sdk=iphonesimulator*]" = UIStatusBarStyleDefault;
				INFOPLIST_KEY_UISupportedInterfaceOrientations_iPad = "UIInterfaceOrientationPortrait UIInterfaceOrientationPortraitUpsideDown UIInterfaceOrientationLandscapeLeft UIInterfaceOrientationLandscapeRight";
				INFOPLIST_KEY_UISupportedInterfaceOrientations_iPhone = "UIInterfaceOrientationPortrait UIInterfaceOrientationLandscapeLeft UIInterfaceOrientationLandscapeRight";
				IPHONEOS_DEPLOYMENT_TARGET = 17.0;
				LD_RUNPATH_SEARCH_PATHS = "@executable_path/Frameworks";
				"LD_RUNPATH_SEARCH_PATHS[sdk=macosx*]" = "@executable_path/../Frameworks";
				MACOSX_DEPLOYMENT_TARGET = 14.0;
				MARKETING_VERSION = 1.0;
				PRODUCT_BUNDLE_IDENTIFIER = com.alliston.TodoRealm;
				PRODUCT_NAME = "$(TARGET_NAME)";
				SDKROOT = auto;
				SUPPORTED_PLATFORMS = "iphoneos iphonesimulator macosx";
				SWIFT_EMIT_LOC_STRINGS = YES;
				SWIFT_VERSION = 5.0;
				TARGETED_DEVICE_FAMILY = "1,2";
			};
			name = Release;
		};
/* End XCBuildConfiguration section */

/* Begin XCConfigurationList section */
		A56A65902AE490AF008847AF /* Build configuration list for PBXProject "TodoRealm" */ = {
			isa = XCConfigurationList;
			buildConfigurations = (
				A56A65A22AE490B0008847AF /* Debug */,
				A56A65A32AE490B0008847AF /* Release */,
			);
			defaultConfigurationIsVisible = 0;
			defaultConfigurationName = Release;
		};
		A56A65A42AE490B0008847AF /* Build configuration list for PBXNativeTarget "TodoRealm" */ = {
			isa = XCConfigurationList;
			buildConfigurations = (
				A56A65A52AE490B0008847AF /* Debug */,
				A56A65A62AE490B0008847AF /* Release */,
			);
			defaultConfigurationIsVisible = 0;
			defaultConfigurationName = Release;
		};
/* End XCConfigurationList section */

/* Begin XCRemoteSwiftPackageReference section */
		A56A65AC2AE49202008847AF /* XCRemoteSwiftPackageReference "realm-swift" */ = {
			isa = XCRemoteSwiftPackageReference;
			repositoryURL = "https://github.com/realm/realm-swift.git";
			requirement = {
				branch = master;
				kind = branch;
			};
		};
/* End XCRemoteSwiftPackageReference section */

/* Begin XCSwiftPackageProductDependency section */
		A56A65AD2AE49202008847AF /* Realm */ = {
			isa = XCSwiftPackageProductDependency;
			package = A56A65AC2AE49202008847AF /* XCRemoteSwiftPackageReference "realm-swift" */;
			productName = Realm;
		};
		A56A65AF2AE49202008847AF /* RealmSwift */ = {
			isa = XCSwiftPackageProductDependency;
			package = A56A65AC2AE49202008847AF /* XCRemoteSwiftPackageReference "realm-swift" */;
			productName = RealmSwift;
		};
/* End XCSwiftPackageProductDependency section */
	};
	rootObject = A56A658D2AE490AF008847AF /* Project object */;
}
